
Microsoft Visual Studio Solution File, Format Version 12.00
# Visual Studio 15
VisualStudioVersion = 15.0.28307.329
MinimumVisualStudioVersion = 10.0.40219.1
Project("{9A19103F-16F7-4668-BE54-9A1E7A4F7556}") = "tcm.model", "web\blazor-app\tcm.model\tcm.model.csproj", "{F5070DD9-F353-4E6D-954B-4F1E25521271}"
EndProject
Project("{9A19103F-16F7-4668-BE54-9A1E7A4F7556}") = "tcm.model.test", "web\blazor-app\tcm.model.test\tcm.model.test.csproj", "{9F9F4F57-F7C8-49DF-A6A3-18C820126711}"
EndProject
Project("{9A19103F-16F7-4668-BE54-9A1E7A4F7556}") = "tcm.web.api", "web\blazor-app\tcm.web.api\tcm.web.api.csproj", "{EC170566-EEAC-44B3-9346-0D224975BB75}"
EndProject
Project("{9A19103F-16F7-4668-BE54-9A1E7A4F7556}") = "tcm.web.blazor.app", "web\blazor-app\tcm.web.blazor.app\tcm.web.blazor.app.csproj", "{1FEA6289-C4E2-43F8-AD0B-B594FAEBD13A}"
	ProjectSection(ProjectDependencies) = postProject
		{EC170566-EEAC-44B3-9346-0D224975BB75} = {EC170566-EEAC-44B3-9346-0D224975BB75}
	EndProjectSection
EndProject
Project("{2150E333-8FDC-42A3-9474-1A3956D46DE8}") = "app", "app", "{B1338343-6012-48FB-9F72-EEDCB75C0FB2}"
EndProject
Project("{9A19103F-16F7-4668-BE54-9A1E7A4F7556}") = "tcm.model.standard", "..\tcm.model.standard\tcm.model.standard.csproj", "{2832F54B-6B1B-4BCC-AEC4-A66E64B17B2C}"
EndProject
Project("{9A19103F-16F7-4668-BE54-9A1E7A4F7556}") = "tcm.importer.model", "tcm.importer.model\tcm.importer.model.csproj", "{7D977FB7-BCF1-4553-AD14-4B19DBF916AB}"
EndProject
Project("{9A19103F-16F7-4668-BE54-9A1E7A4F7556}") = "tcm.processor.model", "tcm.processor.model\tcm.processor.model.csproj", "{CA63FCBE-F94C-44D0-A52B-71F63E3821B1}"
EndProject
Project("{9A19103F-16F7-4668-BE54-9A1E7A4F7556}") = "tcm.processor.adapter.fileSystem", "tcm.processor.adapter.fileSystem\tcm.processor.adapter.fileSystem.csproj", "{E3B836B5-AAFC-4842-BCC6-0208C11832CB}"
EndProject
Project("{9A19103F-16F7-4668-BE54-9A1E7A4F7556}") = "tcm.processor.adapter.fileSystem.utest", "tcm.processor.adapter.fileSystgem.utest\tcm.processor.adapter.fileSystem.utest.csproj", "{0C62F342-D8B7-4D48-AF58-7F8B109E58C4}"
EndProject
Project("{2150E333-8FDC-42A3-9474-1A3956D46DE8}") = "importer", "importer", "{23431DED-BCD0-4C6C-96A4-02B1A2AAD2A6}"
EndProject
Project("{2150E333-8FDC-42A3-9474-1A3956D46DE8}") = "processor", "processor", "{953E3FA7-482F-4166-9D42-C159BA4D3D8B}"
EndProject
Project("{FAE04EC0-301F-11D3-BF4B-00C04F79EFBC}") = "tcm.processor.adapter.tableStorage", "tcm.processor.adapter.tableStorage\tcm.processor.adapter.tableStorage.csproj", "{444FDE25-75D5-4649-88EE-4A277C160DEE}"
EndProject
Project("{FAE04EC0-301F-11D3-BF4B-00C04F79EFBC}") = "tcm.processor.model.utest", "tcm.processor.model.utest\tcm.processor.model.utest.csproj", "{28A86835-E078-4233-85A2-9762BC3E2A44}"
EndProject
Project("{FAE04EC0-301F-11D3-BF4B-00C04F79EFBC}") = "tcm.processor.adapter.tableStorage.utest", "tcm.processor.adapter.tableStorage.utest\tcm.processor.adapter.tableStorage.utest.csproj", "{16230227-867D-4B19-9E65-F3A7B7245CF9}"
EndProject
Project("{FAE04EC0-301F-11D3-BF4B-00C04F79EFBC}") = "tcm.processor.app.console", "tcm.processor.app.console\tcm.processor.app.console.csproj", "{4819B7DC-3D67-4336-AE40-B34AA3D24BF3}"
EndProject
Project("{FAE04EC0-301F-11D3-BF4B-00C04F79EFBC}") = "tcm.processor.app", "tcm.processor.app\tcm.processor.app.csproj", "{41CA424A-99CC-4460-AFEC-FADF68B805F9}"
EndProject
Project("{FAE04EC0-301F-11D3-BF4B-00C04F79EFBC}") = "tcm.processor.app.ctest", "tcm.processor.app.ctest\tcm.processor.app.ctest.csproj", "{AE79D3E9-EE71-4B28-BA62-5792B9363E40}"
EndProject
Global
	GlobalSection(SolutionConfigurationPlatforms) = preSolution
		Debug|Any CPU = Debug|Any CPU
		Release|Any CPU = Release|Any CPU
	EndGlobalSection
	GlobalSection(ProjectConfigurationPlatforms) = postSolution
		{F5070DD9-F353-4E6D-954B-4F1E25521271}.Debug|Any CPU.ActiveCfg = Debug|Any CPU
		{F5070DD9-F353-4E6D-954B-4F1E25521271}.Debug|Any CPU.Build.0 = Debug|Any CPU
		{F5070DD9-F353-4E6D-954B-4F1E25521271}.Release|Any CPU.ActiveCfg = Release|Any CPU
		{F5070DD9-F353-4E6D-954B-4F1E25521271}.Release|Any CPU.Build.0 = Release|Any CPU
		{9F9F4F57-F7C8-49DF-A6A3-18C820126711}.Debug|Any CPU.ActiveCfg = Debug|Any CPU
		{9F9F4F57-F7C8-49DF-A6A3-18C820126711}.Debug|Any CPU.Build.0 = Debug|Any CPU
		{9F9F4F57-F7C8-49DF-A6A3-18C820126711}.Release|Any CPU.ActiveCfg = Release|Any CPU
		{9F9F4F57-F7C8-49DF-A6A3-18C820126711}.Release|Any CPU.Build.0 = Release|Any CPU
		{EC170566-EEAC-44B3-9346-0D224975BB75}.Debug|Any CPU.ActiveCfg = Debug|Any CPU
		{EC170566-EEAC-44B3-9346-0D224975BB75}.Debug|Any CPU.Build.0 = Debug|Any CPU
		{EC170566-EEAC-44B3-9346-0D224975BB75}.Release|Any CPU.ActiveCfg = Release|Any CPU
		{EC170566-EEAC-44B3-9346-0D224975BB75}.Release|Any CPU.Build.0 = Release|Any CPU
		{1FEA6289-C4E2-43F8-AD0B-B594FAEBD13A}.Debug|Any CPU.ActiveCfg = Debug|Any CPU
		{1FEA6289-C4E2-43F8-AD0B-B594FAEBD13A}.Debug|Any CPU.Build.0 = Debug|Any CPU
		{1FEA6289-C4E2-43F8-AD0B-B594FAEBD13A}.Release|Any CPU.ActiveCfg = Release|Any CPU
		{1FEA6289-C4E2-43F8-AD0B-B594FAEBD13A}.Release|Any CPU.Build.0 = Release|Any CPU
		{2832F54B-6B1B-4BCC-AEC4-A66E64B17B2C}.Debug|Any CPU.ActiveCfg = Debug|Any CPU
		{2832F54B-6B1B-4BCC-AEC4-A66E64B17B2C}.Debug|Any CPU.Build.0 = Debug|Any CPU
		{2832F54B-6B1B-4BCC-AEC4-A66E64B17B2C}.Release|Any CPU.ActiveCfg = Release|Any CPU
		{2832F54B-6B1B-4BCC-AEC4-A66E64B17B2C}.Release|Any CPU.Build.0 = Release|Any CPU
		{7D977FB7-BCF1-4553-AD14-4B19DBF916AB}.Debug|Any CPU.ActiveCfg = Debug|Any CPU
		{7D977FB7-BCF1-4553-AD14-4B19DBF916AB}.Debug|Any CPU.Build.0 = Debug|Any CPU
		{7D977FB7-BCF1-4553-AD14-4B19DBF916AB}.Release|Any CPU.ActiveCfg = Release|Any CPU
		{7D977FB7-BCF1-4553-AD14-4B19DBF916AB}.Release|Any CPU.Build.0 = Release|Any CPU
		{CA63FCBE-F94C-44D0-A52B-71F63E3821B1}.Debug|Any CPU.ActiveCfg = Debug|Any CPU
		{CA63FCBE-F94C-44D0-A52B-71F63E3821B1}.Debug|Any CPU.Build.0 = Debug|Any CPU
		{CA63FCBE-F94C-44D0-A52B-71F63E3821B1}.Release|Any CPU.ActiveCfg = Release|Any CPU
		{CA63FCBE-F94C-44D0-A52B-71F63E3821B1}.Release|Any CPU.Build.0 = Release|Any CPU
		{E3B836B5-AAFC-4842-BCC6-0208C11832CB}.Debug|Any CPU.ActiveCfg = Debug|Any CPU
		{E3B836B5-AAFC-4842-BCC6-0208C11832CB}.Debug|Any CPU.Build.0 = Debug|Any CPU
		{E3B836B5-AAFC-4842-BCC6-0208C11832CB}.Release|Any CPU.ActiveCfg = Release|Any CPU
		{E3B836B5-AAFC-4842-BCC6-0208C11832CB}.Release|Any CPU.Build.0 = Release|Any CPU
		{0C62F342-D8B7-4D48-AF58-7F8B109E58C4}.Debug|Any CPU.ActiveCfg = Debug|Any CPU
		{0C62F342-D8B7-4D48-AF58-7F8B109E58C4}.Debug|Any CPU.Build.0 = Debug|Any CPU
		{0C62F342-D8B7-4D48-AF58-7F8B109E58C4}.Release|Any CPU.ActiveCfg = Release|Any CPU
		{0C62F342-D8B7-4D48-AF58-7F8B109E58C4}.Release|Any CPU.Build.0 = Release|Any CPU
		{444FDE25-75D5-4649-88EE-4A277C160DEE}.Debug|Any CPU.ActiveCfg = Debug|Any CPU
		{444FDE25-75D5-4649-88EE-4A277C160DEE}.Debug|Any CPU.Build.0 = Debug|Any CPU
		{444FDE25-75D5-4649-88EE-4A277C160DEE}.Release|Any CPU.ActiveCfg = Release|Any CPU
		{444FDE25-75D5-4649-88EE-4A277C160DEE}.Release|Any CPU.Build.0 = Release|Any CPU
		{28A86835-E078-4233-85A2-9762BC3E2A44}.Debug|Any CPU.ActiveCfg = Debug|Any CPU
		{28A86835-E078-4233-85A2-9762BC3E2A44}.Debug|Any CPU.Build.0 = Debug|Any CPU
		{28A86835-E078-4233-85A2-9762BC3E2A44}.Release|Any CPU.ActiveCfg = Release|Any CPU
		{28A86835-E078-4233-85A2-9762BC3E2A44}.Release|Any CPU.Build.0 = Release|Any CPU
		{16230227-867D-4B19-9E65-F3A7B7245CF9}.Debug|Any CPU.ActiveCfg = Debug|Any CPU
		{16230227-867D-4B19-9E65-F3A7B7245CF9}.Debug|Any CPU.Build.0 = Debug|Any CPU
		{16230227-867D-4B19-9E65-F3A7B7245CF9}.Release|Any CPU.ActiveCfg = Release|Any CPU
		{16230227-867D-4B19-9E65-F3A7B7245CF9}.Release|Any CPU.Build.0 = Release|Any CPU
		{4819B7DC-3D67-4336-AE40-B34AA3D24BF3}.Debug|Any CPU.ActiveCfg = Debug|Any CPU
		{4819B7DC-3D67-4336-AE40-B34AA3D24BF3}.Debug|Any CPU.Build.0 = Debug|Any CPU
		{4819B7DC-3D67-4336-AE40-B34AA3D24BF3}.Release|Any CPU.ActiveCfg = Release|Any CPU
		{4819B7DC-3D67-4336-AE40-B34AA3D24BF3}.Release|Any CPU.Build.0 = Release|Any CPU
		{41CA424A-99CC-4460-AFEC-FADF68B805F9}.Debug|Any CPU.ActiveCfg = Debug|Any CPU
		{41CA424A-99CC-4460-AFEC-FADF68B805F9}.Debug|Any CPU.Build.0 = Debug|Any CPU
		{41CA424A-99CC-4460-AFEC-FADF68B805F9}.Release|Any CPU.ActiveCfg = Release|Any CPU
		{41CA424A-99CC-4460-AFEC-FADF68B805F9}.Release|Any CPU.Build.0 = Release|Any CPU
		{AE79D3E9-EE71-4B28-BA62-5792B9363E40}.Debug|Any CPU.ActiveCfg = Debug|Any CPU
		{AE79D3E9-EE71-4B28-BA62-5792B9363E40}.Debug|Any CPU.Build.0 = Debug|Any CPU
		{AE79D3E9-EE71-4B28-BA62-5792B9363E40}.Release|Any CPU.ActiveCfg = Release|Any CPU
		{AE79D3E9-EE71-4B28-BA62-5792B9363E40}.Release|Any CPU.Build.0 = Release|Any CPU
	EndGlobalSection
	GlobalSection(SolutionProperties) = preSolution
		HideSolutionNode = FALSE
	EndGlobalSection
	GlobalSection(NestedProjects) = preSolution
		{EC170566-EEAC-44B3-9346-0D224975BB75} = {B1338343-6012-48FB-9F72-EEDCB75C0FB2}
		{1FEA6289-C4E2-43F8-AD0B-B594FAEBD13A} = {B1338343-6012-48FB-9F72-EEDCB75C0FB2}
		{7D977FB7-BCF1-4553-AD14-4B19DBF916AB} = {23431DED-BCD0-4C6C-96A4-02B1A2AAD2A6}
		{CA63FCBE-F94C-44D0-A52B-71F63E3821B1} = {953E3FA7-482F-4166-9D42-C159BA4D3D8B}
		{E3B836B5-AAFC-4842-BCC6-0208C11832CB} = {953E3FA7-482F-4166-9D42-C159BA4D3D8B}
		{0C62F342-D8B7-4D48-AF58-7F8B109E58C4} = {953E3FA7-482F-4166-9D42-C159BA4D3D8B}
		{444FDE25-75D5-4649-88EE-4A277C160DEE} = {953E3FA7-482F-4166-9D42-C159BA4D3D8B}
		{28A86835-E078-4233-85A2-9762BC3E2A44} = {953E3FA7-482F-4166-9D42-C159BA4D3D8B}
		{16230227-867D-4B19-9E65-F3A7B7245CF9} = {953E3FA7-482F-4166-9D42-C159BA4D3D8B}
		{4819B7DC-3D67-4336-AE40-B34AA3D24BF3} = {953E3FA7-482F-4166-9D42-C159BA4D3D8B}
		{41CA424A-99CC-4460-AFEC-FADF68B805F9} = {953E3FA7-482F-4166-9D42-C159BA4D3D8B}
		{AE79D3E9-EE71-4B28-BA62-5792B9363E40} = {953E3FA7-482F-4166-9D42-C159BA4D3D8B}
	EndGlobalSection
	GlobalSection(ExtensibilityGlobals) = postSolution
		SolutionGuid = {D2112F6A-B174-4396-BDA1-B787761BCB2B}
	EndGlobalSection
EndGlobal
